
Microsoft Visual Studio Solution File, Format Version 12.00
# Visual Studio Version 16
VisualStudioVersion = 16.0.29215.179
MinimumVisualStudioVersion = 10.0.40219.1
Project("{2150E333-8FDC-42A3-9474-1A3956D46DE8}") = "Api", "Api", "{B4EE9C7A-CCD9-44EF-A7D6-646F76A39963}"
EndProject
Project("{2150E333-8FDC-42A3-9474-1A3956D46DE8}") = "Core", "Core", "{A34698FB-1BEB-4815-BC6D-409EF9E54A9F}"
EndProject
Project("{2150E333-8FDC-42A3-9474-1A3956D46DE8}") = "Infra", "Infra", "{60C84CF7-AD45-48F2-86EB-DB60A3DF6F3B}"
EndProject
Project("{2150E333-8FDC-42A3-9474-1A3956D46DE8}") = "Web", "Web", "{7C7174DB-10B0-46CC-8448-F8BC07FE3308}"
EndProject
Project("{9A19103F-16F7-4668-BE54-9A1E7A4F7556}") = "Portal.Core", "Portal.Core\Portal.Core.csproj", "{7613A038-8645-40AD-B292-5CC883163252}"
EndProject
Project("{9A19103F-16F7-4668-BE54-9A1E7A4F7556}") = "Portal.Api", "Portal.Api\Portal.Api.csproj", "{498BD870-43CB-41C6-BBF2-78AD93F7ED8B}"
EndProject
Project("{9A19103F-16F7-4668-BE54-9A1E7A4F7556}") = "Portal.Infra", "Portal.Infra\Portal.Infra.csproj", "{6CDD350F-C90A-494E-AC79-65C436D5FFC5}"
EndProject
Project("{9A19103F-16F7-4668-BE54-9A1E7A4F7556}") = "Portal.Web", "Portal.Web\Portal.Web.csproj", "{AAA6DA51-5370-44E2-BC4A-9342D20E4675}"
EndProject
Project("{2150E333-8FDC-42A3-9474-1A3956D46DE8}") = "Storage", "Storage", "{A79A9E3F-BC6D-45BE-A8A8-CCDD5F5F42CB}"
EndProject
Project("{9A19103F-16F7-4668-BE54-9A1E7A4F7556}") = "Portal.Storage", "Portal.Storage\Portal.Storage.csproj", "{86ADD9AD-281D-4829-8152-C608D93B8FA1}"
EndProject
Project("{2150E333-8FDC-42A3-9474-1A3956D46DE8}") = "Testes", "Testes", "{8278896C-ADC4-44E3-BFAC-DBBBACB4EA53}"
EndProject
Project("{9A19103F-16F7-4668-BE54-9A1E7A4F7556}") = "Portal.TestesController", "Portal.TestesController\Portal.TestesController.csproj", "{160E8073-969E-4E83-A8BB-E6453438A48B}"
EndProject
Project("{2150E333-8FDC-42A3-9474-1A3956D46DE8}") = "Controller", "Controller", "{885162E7-F56C-47AA-9FE7-10F6128C17CD}"
EndProject
Project("{2150E333-8FDC-42A3-9474-1A3956D46DE8}") = "Repository", "Repository", "{D12502CE-E954-4212-9518-894526B3F1DC}"
EndProject
Project("{2150E333-8FDC-42A3-9474-1A3956D46DE8}") = "Api", "Api", "{C802BF50-5348-47D7-A854-8AAB7D245B1D}"
EndProject
Project("{2150E333-8FDC-42A3-9474-1A3956D46DE8}") = "Web", "Web", "{2B083A3F-52B6-4B62-96A3-F7762DB04B30}"
EndProject
Project("{2150E333-8FDC-42A3-9474-1A3956D46DE8}") = "Util", "Util", "{9C97F85A-C478-485E-A71C-B2752628133D}"
EndProject
Project("{9A19103F-16F7-4668-BE54-9A1E7A4F7556}") = "Selenium.Utils", "Selenium.Utils\Selenium.Utils.csproj", "{72A26468-E00D-4BB6-ABD9-7DF5927A866F}"
EndProject
Project("{9A19103F-16F7-4668-BE54-9A1E7A4F7556}") = "Portal.TestesWeb", "Portal.TestesWeb\Portal.TestesWeb.csproj", "{A591120F-461D-4C25-91BF-7A14887CABE8}"
EndProject
Project("{9A19103F-16F7-4668-BE54-9A1E7A4F7556}") = "Portal.TestesRepository", "Portal.TestesRepository\Portal.TestesRepository.csproj", "{5CEF3CF5-EEF4-4756-9D04-B842E9900072}"
EndProject
Global
	GlobalSection(SolutionConfigurationPlatforms) = preSolution
		Debug|Any CPU = Debug|Any CPU
		Release|Any CPU = Release|Any CPU
	EndGlobalSection
	GlobalSection(ProjectConfigurationPlatforms) = postSolution
		{7613A038-8645-40AD-B292-5CC883163252}.Debug|Any CPU.ActiveCfg = Debug|Any CPU
		{7613A038-8645-40AD-B292-5CC883163252}.Debug|Any CPU.Build.0 = Debug|Any CPU
		{7613A038-8645-40AD-B292-5CC883163252}.Release|Any CPU.ActiveCfg = Debug|Any CPU
		{7613A038-8645-40AD-B292-5CC883163252}.Release|Any CPU.Build.0 = Debug|Any CPU
		{498BD870-43CB-41C6-BBF2-78AD93F7ED8B}.Debug|Any CPU.ActiveCfg = Debug|Any CPU
		{498BD870-43CB-41C6-BBF2-78AD93F7ED8B}.Debug|Any CPU.Build.0 = Debug|Any CPU
		{498BD870-43CB-41C6-BBF2-78AD93F7ED8B}.Release|Any CPU.ActiveCfg = Debug|Any CPU
		{498BD870-43CB-41C6-BBF2-78AD93F7ED8B}.Release|Any CPU.Build.0 = Debug|Any CPU
		{6CDD350F-C90A-494E-AC79-65C436D5FFC5}.Debug|Any CPU.ActiveCfg = Debug|Any CPU
		{6CDD350F-C90A-494E-AC79-65C436D5FFC5}.Debug|Any CPU.Build.0 = Debug|Any CPU
		{6CDD350F-C90A-494E-AC79-65C436D5FFC5}.Release|Any CPU.ActiveCfg = Debug|Any CPU
		{6CDD350F-C90A-494E-AC79-65C436D5FFC5}.Release|Any CPU.Build.0 = Debug|Any CPU
		{AAA6DA51-5370-44E2-BC4A-9342D20E4675}.Debug|Any CPU.ActiveCfg = Debug|Any CPU
		{AAA6DA51-5370-44E2-BC4A-9342D20E4675}.Debug|Any CPU.Build.0 = Debug|Any CPU
		{AAA6DA51-5370-44E2-BC4A-9342D20E4675}.Release|Any CPU.ActiveCfg = Debug|Any CPU
		{AAA6DA51-5370-44E2-BC4A-9342D20E4675}.Release|Any CPU.Build.0 = Debug|Any CPU
		{86ADD9AD-281D-4829-8152-C608D93B8FA1}.Debug|Any CPU.ActiveCfg = Debug|Any CPU
		{86ADD9AD-281D-4829-8152-C608D93B8FA1}.Debug|Any CPU.Build.0 = Debug|Any CPU
		{86ADD9AD-281D-4829-8152-C608D93B8FA1}.Release|Any CPU.ActiveCfg = Release|Any CPU
		{86ADD9AD-281D-4829-8152-C608D93B8FA1}.Release|Any CPU.Build.0 = Release|Any CPU
		{160E8073-969E-4E83-A8BB-E6453438A48B}.Debug|Any CPU.ActiveCfg = Debug|Any CPU
		{160E8073-969E-4E83-A8BB-E6453438A48B}.Debug|Any CPU.Build.0 = Debug|Any CPU
		{160E8073-969E-4E83-A8BB-E6453438A48B}.Release|Any CPU.ActiveCfg = Release|Any CPU
		{160E8073-969E-4E83-A8BB-E6453438A48B}.Release|Any CPU.Build.0 = Release|Any CPU
		{72A26468-E00D-4BB6-ABD9-7DF5927A866F}.Debug|Any CPU.ActiveCfg = Debug|Any CPU
		{72A26468-E00D-4BB6-ABD9-7DF5927A866F}.Debug|Any CPU.Build.0 = Debug|Any CPU
		{72A26468-E00D-4BB6-ABD9-7DF5927A866F}.Release|Any CPU.ActiveCfg = Release|Any CPU
		{72A26468-E00D-4BB6-ABD9-7DF5927A866F}.Release|Any CPU.Build.0 = Release|Any CPU
		{A591120F-461D-4C25-91BF-7A14887CABE8}.Debug|Any CPU.ActiveCfg = Debug|Any CPU
		{A591120F-461D-4C25-91BF-7A14887CABE8}.Debug|Any CPU.Build.0 = Debug|Any CPU
		{A591120F-461D-4C25-91BF-7A14887CABE8}.Release|Any CPU.ActiveCfg = Release|Any CPU
		{A591120F-461D-4C25-91BF-7A14887CABE8}.Release|Any CPU.Build.0 = Release|Any CPU
		{5CEF3CF5-EEF4-4756-9D04-B842E9900072}.Debug|Any CPU.ActiveCfg = Debug|Any CPU
		{5CEF3CF5-EEF4-4756-9D04-B842E9900072}.Debug|Any CPU.Build.0 = Debug|Any CPU
		{5CEF3CF5-EEF4-4756-9D04-B842E9900072}.Release|Any CPU.ActiveCfg = Release|Any CPU
		{5CEF3CF5-EEF4-4756-9D04-B842E9900072}.Release|Any CPU.Build.0 = Release|Any CPU
	EndGlobalSection
	GlobalSection(SolutionProperties) = preSolution
		HideSolutionNode = FALSE
	EndGlobalSection
	GlobalSection(NestedProjects) = preSolution
		{7613A038-8645-40AD-B292-5CC883163252} = {A34698FB-1BEB-4815-BC6D-409EF9E54A9F}
		{498BD870-43CB-41C6-BBF2-78AD93F7ED8B} = {B4EE9C7A-CCD9-44EF-A7D6-646F76A39963}
		{6CDD350F-C90A-494E-AC79-65C436D5FFC5} = {60C84CF7-AD45-48F2-86EB-DB60A3DF6F3B}
		{AAA6DA51-5370-44E2-BC4A-9342D20E4675} = {7C7174DB-10B0-46CC-8448-F8BC07FE3308}
		{86ADD9AD-281D-4829-8152-C608D93B8FA1} = {A79A9E3F-BC6D-45BE-A8A8-CCDD5F5F42CB}
		{160E8073-969E-4E83-A8BB-E6453438A48B} = {885162E7-F56C-47AA-9FE7-10F6128C17CD}
		{885162E7-F56C-47AA-9FE7-10F6128C17CD} = {8278896C-ADC4-44E3-BFAC-DBBBACB4EA53}
		{D12502CE-E954-4212-9518-894526B3F1DC} = {8278896C-ADC4-44E3-BFAC-DBBBACB4EA53}
		{C802BF50-5348-47D7-A854-8AAB7D245B1D} = {8278896C-ADC4-44E3-BFAC-DBBBACB4EA53}
		{2B083A3F-52B6-4B62-96A3-F7762DB04B30} = {8278896C-ADC4-44E3-BFAC-DBBBACB4EA53}
		{9C97F85A-C478-485E-A71C-B2752628133D} = {2B083A3F-52B6-4B62-96A3-F7762DB04B30}
		{72A26468-E00D-4BB6-ABD9-7DF5927A866F} = {9C97F85A-C478-485E-A71C-B2752628133D}
		{A591120F-461D-4C25-91BF-7A14887CABE8} = {2B083A3F-52B6-4B62-96A3-F7762DB04B30}
		{5CEF3CF5-EEF4-4756-9D04-B842E9900072} = {D12502CE-E954-4212-9518-894526B3F1DC}
	EndGlobalSection
	GlobalSection(ExtensibilityGlobals) = postSolution
		SolutionGuid = {1DB3D364-BDFB-4208-9691-2236A15C50AB}
	EndGlobalSection
EndGlobal
